{
  "name": "siwe-parser",
  "version": "1.1.3",
  "lockfileVersion": 1,
  "requires": true,
  "dependencies": {
    "apg-js": {
      "version": "4.1.1",
      "resolved": "https://registry.npmjs.org/apg-js/-/apg-js-4.1.1.tgz",
      "integrity": "sha512-DwTfzx1YuCrnEvywiU/AYKiX8Y6JzhY8PwaM9syh54zzBPaHzonN7c4YsAspC6YcdSu/jfBXBJ1S9hj1QsiePA=="
    }
  }
}
