{
  "name": "@spruceid/siwe-parser",
  "version": "2.1.0",
  "lockfileVersion": 2,
  "requires": true,
  "packages": {
    "": {
      "name": "@spruceid/siwe-parser",
      "version": "2.0.0",
      "license": "Apache-2.0",
      "dependencies": {
        "apg-js": "^4.1.1",
        "uri-js": "^4.4.1",
        "valid-url": "^1.0.9"
      },
      "peerDependencies": {
        "keccak": "^3.0.2"
      }
    },
    "node_modules/apg-js": {
      "version": "4.1.1",
      "license": "BSD-2-Clause"
    },
    "node_modules/inherits": {
      "version": "2.0.4",
      "license": "ISC",
      "peer": true
    },
    "node_modules/keccak": {
      "version": "3.0.2",
      "hasInstallScript": true,
      "license": "MIT",
      "peer": true,
      "dependencies": {
        "node-addon-api": "^2.0.0",
        "node-gyp-build": "^4.2.0",
        "readable-stream": "^3.6.0"
      },
      "engines": {
        "node": ">=10.0.0"
      }
    },
    "node_modules/node-addon-api": {
      "version": "2.0.2",
      "license": "MIT",
      "peer": true
    },
    "node_modules/node-gyp-build": {
      "version": "4.4.0",
      "license": "MIT",
      "peer": true,
      "bin": {
        "node-gyp-build": "bin.js",
        "node-gyp-build-optional": "optional.js",
        "node-gyp-build-test": "build-test.js"
      }
    },
    "node_modules/punycode": {
      "version": "2.1.1",
      "license": "MIT",
      "engines": {
        "node": ">=6"
      }
    },
    "node_modules/readable-stream": {
      "version": "3.6.0",
      "license": "MIT",
      "peer": true,
      "dependencies": {
        "inherits": "^2.0.3",
        "string_decoder": "^1.1.1",
        "util-deprecate": "^1.0.1"
      },
      "engines": {
        "node": ">= 6"
      }
    },
    "node_modules/safe-buffer": {
      "version": "5.2.1",
      "funding": [
        {
          "type": "github",
          "url": "https://github.com/sponsors/feross"
        },
        {
          "type": "patreon",
          "url": "https://www.patreon.com/feross"
        },
        {
          "type": "consulting",
          "url": "https://feross.org/support"
        }
      ],
      "license": "MIT",
      "peer": true
    },
    "node_modules/string_decoder": {
      "version": "1.3.0",
      "license": "MIT",
      "peer": true,
      "dependencies": {
        "safe-buffer": "~5.2.0"
      }
    },
    "node_modules/uri-js": {
      "version": "4.4.1",
      "license": "BSD-2-Clause",
      "dependencies": {
        "punycode": "^2.1.0"
      }
    },
    "node_modules/util-deprecate": {
      "version": "1.0.2",
      "license": "MIT",
      "peer": true
    },
    "node_modules/valid-url": {
      "version": "1.0.9"
    }
  },
  "dependencies": {
    "apg-js": {
      "version": "4.1.1"
    },
    "inherits": {
      "version": "2.0.4",
      "peer": true
    },
    "keccak": {
      "version": "3.0.2",
      "peer": true,
      "requires": {
        "node-addon-api": "^2.0.0",
        "node-gyp-build": "^4.2.0",
        "readable-stream": "^3.6.0"
      }
    },
    "node-addon-api": {
      "version": "2.0.2",
      "peer": true
    },
    "node-gyp-build": {
      "version": "4.4.0",
      "peer": true
    },
    "punycode": {
      "version": "2.1.1"
    },
    "readable-stream": {
      "version": "3.6.0",
      "peer": true,
      "requires": {
        "inherits": "^2.0.3",
        "string_decoder": "^1.1.1",
        "util-deprecate": "^1.0.1"
      }
    },
    "safe-buffer": {
      "version": "5.2.1",
      "peer": true
    },
    "string_decoder": {
      "version": "1.3.0",
      "peer": true,
      "requires": {
        "safe-buffer": "~5.2.0"
      }
    },
    "uri-js": {
      "version": "4.4.1",
      "requires": {
        "punycode": "^2.1.0"
      }
    },
    "util-deprecate": {
      "version": "1.0.2",
      "peer": true
    },
    "valid-url": {
      "version": "1.0.9"
    }
  }
}
