{
  "name": "siwe",
  "version": "1.1.2",
  "lockfileVersion": 1,
  "requires": true,
  "dependencies": {
    "@stablelib/binary": {
      "version": "1.0.1",
      "resolved": "https://registry.npmjs.org/@stablelib/binary/-/binary-1.0.1.tgz",
      "integrity": "sha512-ClJWvmL6UBM/wjkvv/7m5VP3GMr9t0osr4yVgLZsLCOz4hGN9gIAFEqnJ0TsSMAN+n840nf2cHZnA5/KFqHC7Q==",
      "requires": {
        "@stablelib/int": "^1.0.1"
      }
    },
    "@stablelib/int": {
      "version": "1.0.1",
      "resolved": "https://registry.npmjs.org/@stablelib/int/-/int-1.0.1.tgz",
      "integrity": "sha512-byr69X/sDtDiIjIV6m4roLVWnNNlRGzsvxw+agj8CIEazqWGOQp2dTYgQhtyVXV9wpO6WyXRQUzLV/JRNumT2w=="
    },
    "@stablelib/random": {
      "version": "1.0.1",
      "resolved": "https://registry.npmjs.org/@stablelib/random/-/random-1.0.1.tgz",
      "integrity": "sha512-zOh+JHX3XG9MSfIB0LZl/YwPP9w3o6WBiJkZvjPoKKu5LKFW4OLV71vMxWp9qG5T43NaWyn0QQTWgqCdO+yOBQ==",
      "requires": {
        "@stablelib/binary": "^1.0.1",
        "@stablelib/wipe": "^1.0.1"
      }
    },
    "@stablelib/wipe": {
      "version": "1.0.1",
      "resolved": "https://registry.npmjs.org/@stablelib/wipe/-/wipe-1.0.1.tgz",
      "integrity": "sha512-WfqfX/eXGiAd3RJe4VU2snh/ZPwtSjLG4ynQ/vYzvghTh7dHFcI1wl+nrkWG6lGhukOxOsUHfv8dUXr58D0ayg=="
    },
    "apg-js": {
      "version": "4.1.1",
      "resolved": "https://registry.npmjs.org/apg-js/-/apg-js-4.1.1.tgz",
      "integrity": "sha512-DwTfzx1YuCrnEvywiU/AYKiX8Y6JzhY8PwaM9syh54zzBPaHzonN7c4YsAspC6YcdSu/jfBXBJ1S9hj1QsiePA=="
    },
    "siwe-parser": {
      "version": "file:../siwe-parser",
      "requires": {
        "apg-js": "^4.1.1"
      },
      "dependencies": {
        "apg-js": {
          "version": "4.1.1",
          "resolved": "https://registry.npmjs.org/apg-js/-/apg-js-4.1.1.tgz",
          "integrity": "sha512-DwTfzx1YuCrnEvywiU/AYKiX8Y6JzhY8PwaM9syh54zzBPaHzonN7c4YsAspC6YcdSu/jfBXBJ1S9hj1QsiePA=="
        }
      }
    }
  }
}
